
Microsoft Visual Studio Solution File, Format Version 12.00
# Visual Studio 2015
Project("{FAE04EC0-301F-11D3-BF4B-00C04F79EFBC}") = "RITUAL GAME.CSharp", "RITUAL GAME.CSharp.csproj", "{384001AE-BA0D-9D57-2162-495BEB5790B0}"
EndProject
Project("{FAE04EC0-301F-11D3-BF4B-00C04F79EFBC}") = "RITUAL GAME.CSharp.Editor", "RITUAL GAME.CSharp.Editor.csproj", "{9E0AA0DE-F3D1-81E5-972E-17CD40C9A128}"
EndProject
Global
	GlobalSection(SolutionConfigurationPlatforms) = preSolution
		Debug|Any CPU = Debug|Any CPU
		Release|Any CPU = Release|Any CPU
	EndGlobalSection
	GlobalSection(ProjectConfigurationPlatforms) = postSolution
		{384001AE-BA0D-9D57-2162-495BEB5790B0}.Debug|Any CPU.ActiveCfg = Debug|Any CPU
		{384001AE-BA0D-9D57-2162-495BEB5790B0}.Debug|Any CPU.Build.0 = Debug|Any CPU
		{384001AE-BA0D-9D57-2162-495BEB5790B0}.Release|Any CPU.ActiveCfg = Release|Any CPU
		{384001AE-BA0D-9D57-2162-495BEB5790B0}.Release|Any CPU.Build.0 = Release|Any CPU
		{9E0AA0DE-F3D1-81E5-972E-17CD40C9A128}.Debug|Any CPU.ActiveCfg = Debug|Any CPU
		{9E0AA0DE-F3D1-81E5-972E-17CD40C9A128}.Debug|Any CPU.Build.0 = Debug|Any CPU
		{9E0AA0DE-F3D1-81E5-972E-17CD40C9A128}.Release|Any CPU.ActiveCfg = Release|Any CPU
		{9E0AA0DE-F3D1-81E5-972E-17CD40C9A128}.Release|Any CPU.Build.0 = Release|Any CPU
	EndGlobalSection
	GlobalSection(SolutionProperties) = preSolution
		HideSolutionNode = FALSE
	EndGlobalSection
EndGlobal
